
Microsoft Visual Studio Solution File, Format Version 12.00
# Visual Studio 15
VisualStudioVersion = 15.0.27004.2010
MinimumVisualStudioVersion = 10.0.40219.1
Project("{8BC9CEB8-8B4A-11D0-8D11-00A0C91BC942}") = "Lesson3Module3Hometask", "Lesson3Module3Hometask\Lesson3Module3Hometask.vcxproj", "{5F2DB469-191D-4319-A57D-545E3814C99F}"
EndProject
Global
	GlobalSection(SolutionConfigurationPlatforms) = preSolution
		Debug|x64 = Debug|x64
		Debug|x86 = Debug|x86
		Release|x64 = Release|x64
		Release|x86 = Release|x86
	EndGlobalSection
	GlobalSection(ProjectConfigurationPlatforms) = postSolution
		{5F2DB469-191D-4319-A57D-545E3814C99F}.Debug|x64.ActiveCfg = Debug|x64
		{5F2DB469-191D-4319-A57D-545E3814C99F}.Debug|x64.Build.0 = Debug|x64
		{5F2DB469-191D-4319-A57D-545E3814C99F}.Debug|x86.ActiveCfg = Debug|Win32
		{5F2DB469-191D-4319-A57D-545E3814C99F}.Debug|x86.Build.0 = Debug|Win32
		{5F2DB469-191D-4319-A57D-545E3814C99F}.Release|x64.ActiveCfg = Release|x64
		{5F2DB469-191D-4319-A57D-545E3814C99F}.Release|x64.Build.0 = Release|x64
		{5F2DB469-191D-4319-A57D-545E3814C99F}.Release|x86.ActiveCfg = Release|Win32
		{5F2DB469-191D-4319-A57D-545E3814C99F}.Release|x86.Build.0 = Release|Win32
	EndGlobalSection
	GlobalSection(SolutionProperties) = preSolution
		HideSolutionNode = FALSE
	EndGlobalSection
	GlobalSection(ExtensibilityGlobals) = postSolution
		SolutionGuid = {37DC829B-4624-47FA-B729-C01477A96672}
	EndGlobalSection
EndGlobal
